// !$*UTF8*$!
{
	archiveVersion = 1;
	classes = {
	};
	objectVersion = 55;
	objects = {

/* Begin PBXBuildFile section */
		2A0F5C9E2826AE2F00428E0C /* MarkerOverlayView.swift in Sources */ = {isa = PBXBuildFile; fileRef = 2A0F5C9D2826AE2F00428E0C /* MarkerOverlayView.swift */; };
		2A4C0842282AF05000878616 /* Instruction.swift in Sources */ = {isa = PBXBuildFile; fileRef = 2A4C0840282AF05000878616 /* Instruction.swift */; };
		2A534CAE28230F6100A7AAA5 /* InstructionsApp.swift in Sources */ = {isa = PBXBuildFile; fileRef = 2A534CAD28230F6100A7AAA5 /* InstructionsApp.swift */; };
		2A534CB028230F6100A7AAA5 /* ContentView.swift in Sources */ = {isa = PBXBuildFile; fileRef = 2A534CAF28230F6100A7AAA5 /* ContentView.swift */; };
		2A534CB228230F6300A7AAA5 /* Assets.xcassets in Resources */ = {isa = PBXBuildFile; fileRef = 2A534CB128230F6300A7AAA5 /* Assets.xcassets */; };
		2A534CB528230F6300A7AAA5 /* Preview Assets.xcassets in Resources */ = {isa = PBXBuildFile; fileRef = 2A534CB428230F6300A7AAA5 /* Preview Assets.xcassets */; };
		2A534CBF28230F6300A7AAA5 /* InstructionsTests.swift in Sources */ = {isa = PBXBuildFile; fileRef = 2A534CBE28230F6300A7AAA5 /* InstructionsTests.swift */; };
		2A534CC928230F6300A7AAA5 /* InstructionsUITests.swift in Sources */ = {isa = PBXBuildFile; fileRef = 2A534CC828230F6300A7AAA5 /* InstructionsUITests.swift */; };
		2A534CCB28230F6300A7AAA5 /* InstructionsUITestsLaunchTests.swift in Sources */ = {isa = PBXBuildFile; fileRef = 2A534CCA28230F6300A7AAA5 /* InstructionsUITestsLaunchTests.swift */; };
		2A534CD828230F8400A7AAA5 /* MyScene.rcproject in Sources */ = {isa = PBXBuildFile; fileRef = 2A534CD728230F8400A7AAA5 /* MyScene.rcproject */; };
		2A534CDC2823190D00A7AAA5 /* ARViewManager.swift in Sources */ = {isa = PBXBuildFile; fileRef = 2A534CDB2823190D00A7AAA5 /* ARViewManager.swift */; };
		2A6E5188282FE2B900AC04CA /* Scene.swift in Sources */ = {isa = PBXBuildFile; fileRef = 2A6E5187282FE2B800AC04CA /* Scene.swift */; };
		2A6E51902830131B00AC04CA /* GoogleService-Info.plist in Resources */ = {isa = PBXBuildFile; fileRef = 2A6E518F2830131B00AC04CA /* GoogleService-Info.plist */; };
		2A7F9B3F2830159D00CCACA2 /* FirebaseAuth in Frameworks */ = {isa = PBXBuildFile; productRef = 2A7F9B3E2830159D00CCACA2 /* FirebaseAuth */; };
		2A7F9B412830159D00CCACA2 /* FirebaseFirestore in Frameworks */ = {isa = PBXBuildFile; productRef = 2A7F9B402830159D00CCACA2 /* FirebaseFirestore */; };
		2A7F9B432830159D00CCACA2 /* FirebaseFirestoreSwift in Frameworks */ = {isa = PBXBuildFile; productRef = 2A7F9B422830159D00CCACA2 /* FirebaseFirestoreSwift */; };
		2A7F9B452830159D00CCACA2 /* FirebaseStorage in Frameworks */ = {isa = PBXBuildFile; productRef = 2A7F9B442830159D00CCACA2 /* FirebaseStorage */; };
		2A7F9B47283046A700CCACA2 /* ImagePicker.swift in Sources */ = {isa = PBXBuildFile; fileRef = 2A7F9B46283046A700CCACA2 /* ImagePicker.swift */; };
		2A7F9B4928304B4200CCACA2 /* StorageManager.swift in Sources */ = {isa = PBXBuildFile; fileRef = 2A7F9B4828304B4200CCACA2 /* StorageManager.swift */; };
		2A7F9B4B2831B00100CCACA2 /* AddInstructionSheetView.swift in Sources */ = {isa = PBXBuildFile; fileRef = 2A7F9B4A2831B00000CCACA2 /* AddInstructionSheetView.swift */; };
		2A7F9B4E2831BC5900CCACA2 /* HalfASheet in Frameworks */ = {isa = PBXBuildFile; productRef = 2A7F9B4D2831BC5900CCACA2 /* HalfASheet */; };
		2AC44B63282449E500CEC213 /* RealityComposerARView.swift in Sources */ = {isa = PBXBuildFile; fileRef = 2AC44B62282449E500CEC213 /* RealityComposerARView.swift */; };
		2AC44B6528246A3100CEC213 /* ARViewModel.swift in Sources */ = {isa = PBXBuildFile; fileRef = 2AC44B6428246A3100CEC213 /* ARViewModel.swift */; };
		2AC44B6B282520A800CEC213 /* TopMenu.swift in Sources */ = {isa = PBXBuildFile; fileRef = 2AC44B6A282520A800CEC213 /* TopMenu.swift */; };
		2AC44B6D282520D800CEC213 /* ButtonView.swift in Sources */ = {isa = PBXBuildFile; fileRef = 2AC44B6C282520D800CEC213 /* ButtonView.swift */; };
/* End PBXBuildFile section */

/* Begin PBXContainerItemProxy section */
		2A534CBB28230F6300A7AAA5 /* PBXContainerItemProxy */ = {
			isa = PBXContainerItemProxy;
			containerPortal = 2A534CA228230F6100A7AAA5 /* Project object */;
			proxyType = 1;
			remoteGlobalIDString = 2A534CA928230F6100A7AAA5;
			remoteInfo = Instructions;
		};
		2A534CC528230F6300A7AAA5 /* PBXContainerItemProxy */ = {
			isa = PBXContainerItemProxy;
			containerPortal = 2A534CA228230F6100A7AAA5 /* Project object */;
			proxyType = 1;
			remoteGlobalIDString = 2A534CA928230F6100A7AAA5;
			remoteInfo = Instructions;
		};
/* End PBXContainerItemProxy section */

/* Begin PBXFileReference section */
		2A0F5C9D2826AE2F00428E0C /* MarkerOverlayView.swift */ = {isa = PBXFileReference; lastKnownFileType = sourcecode.swift; path = MarkerOverlayView.swift; sourceTree = "<group>"; };
		2A4C0840282AF05000878616 /* Instruction.swift */ = {isa = PBXFileReference; fileEncoding = 4; lastKnownFileType = sourcecode.swift; path = Instruction.swift; sourceTree = "<group>"; };
		2A534CAA28230F6100A7AAA5 /* Instructions.app */ = {isa = PBXFileReference; explicitFileType = wrapper.application; includeInIndex = 0; path = Instructions.app; sourceTree = BUILT_PRODUCTS_DIR; };
		2A534CAD28230F6100A7AAA5 /* InstructionsApp.swift */ = {isa = PBXFileReference; lastKnownFileType = sourcecode.swift; path = InstructionsApp.swift; sourceTree = "<group>"; };
		2A534CAF28230F6100A7AAA5 /* ContentView.swift */ = {isa = PBXFileReference; lastKnownFileType = sourcecode.swift; path = ContentView.swift; sourceTree = "<group>"; };
		2A534CB128230F6300A7AAA5 /* Assets.xcassets */ = {isa = PBXFileReference; lastKnownFileType = folder.assetcatalog; path = Assets.xcassets; sourceTree = "<group>"; };
		2A534CB428230F6300A7AAA5 /* Preview Assets.xcassets */ = {isa = PBXFileReference; lastKnownFileType = folder.assetcatalog; path = "Preview Assets.xcassets"; sourceTree = "<group>"; };
		2A534CBA28230F6300A7AAA5 /* InstructionsTests.xctest */ = {isa = PBXFileReference; explicitFileType = wrapper.cfbundle; includeInIndex = 0; path = InstructionsTests.xctest; sourceTree = BUILT_PRODUCTS_DIR; };
		2A534CBE28230F6300A7AAA5 /* InstructionsTests.swift */ = {isa = PBXFileReference; lastKnownFileType = sourcecode.swift; path = InstructionsTests.swift; sourceTree = "<group>"; };
		2A534CC428230F6300A7AAA5 /* InstructionsUITests.xctest */ = {isa = PBXFileReference; explicitFileType = wrapper.cfbundle; includeInIndex = 0; path = InstructionsUITests.xctest; sourceTree = BUILT_PRODUCTS_DIR; };
		2A534CC828230F6300A7AAA5 /* InstructionsUITests.swift */ = {isa = PBXFileReference; lastKnownFileType = sourcecode.swift; path = InstructionsUITests.swift; sourceTree = "<group>"; };
		2A534CCA28230F6300A7AAA5 /* InstructionsUITestsLaunchTests.swift */ = {isa = PBXFileReference; lastKnownFileType = sourcecode.swift; path = InstructionsUITestsLaunchTests.swift; sourceTree = "<group>"; };
		2A534CD728230F8400A7AAA5 /* MyScene.rcproject */ = {isa = PBXFileReference; lastKnownFileType = file.rcproject; path = MyScene.rcproject; sourceTree = "<group>"; };
		2A534CDB2823190D00A7AAA5 /* ARViewManager.swift */ = {isa = PBXFileReference; fileEncoding = 4; lastKnownFileType = sourcecode.swift; path = ARViewManager.swift; sourceTree = "<group>"; };
		2A6E5187282FE2B800AC04CA /* Scene.swift */ = {isa = PBXFileReference; lastKnownFileType = sourcecode.swift; path = Scene.swift; sourceTree = "<group>"; };
		2A6E518F2830131B00AC04CA /* GoogleService-Info.plist */ = {isa = PBXFileReference; fileEncoding = 4; lastKnownFileType = text.plist.xml; path = "GoogleService-Info.plist"; sourceTree = "<group>"; };
		2A7F9B46283046A700CCACA2 /* ImagePicker.swift */ = {isa = PBXFileReference; lastKnownFileType = sourcecode.swift; path = ImagePicker.swift; sourceTree = "<group>"; };
		2A7F9B4828304B4200CCACA2 /* StorageManager.swift */ = {isa = PBXFileReference; lastKnownFileType = sourcecode.swift; path = StorageManager.swift; sourceTree = "<group>"; };
		2A7F9B4A2831B00000CCACA2 /* AddInstructionSheetView.swift */ = {isa = PBXFileReference; lastKnownFileType = sourcecode.swift; path = AddInstructionSheetView.swift; sourceTree = "<group>"; };
		2AC44B62282449E500CEC213 /* RealityComposerARView.swift */ = {isa = PBXFileReference; lastKnownFileType = sourcecode.swift; path = RealityComposerARView.swift; sourceTree = "<group>"; };
		2AC44B6428246A3100CEC213 /* ARViewModel.swift */ = {isa = PBXFileReference; lastKnownFileType = sourcecode.swift; path = ARViewModel.swift; sourceTree = "<group>"; };
		2AC44B6A282520A800CEC213 /* TopMenu.swift */ = {isa = PBXFileReference; lastKnownFileType = sourcecode.swift; path = TopMenu.swift; sourceTree = "<group>"; };
		2AC44B6C282520D800CEC213 /* ButtonView.swift */ = {isa = PBXFileReference; lastKnownFileType = sourcecode.swift; path = ButtonView.swift; sourceTree = "<group>"; };
/* End PBXFileReference section */

/* Begin PBXFrameworksBuildPhase section */
		2A534CA728230F6100A7AAA5 /* Frameworks */ = {
			isa = PBXFrameworksBuildPhase;
			buildActionMask = 2147483647;
			files = (
				2A7F9B3F2830159D00CCACA2 /* FirebaseAuth in Frameworks */,
				2A7F9B4E2831BC5900CCACA2 /* HalfASheet in Frameworks */,
				2A7F9B452830159D00CCACA2 /* FirebaseStorage in Frameworks */,
				2A7F9B412830159D00CCACA2 /* FirebaseFirestore in Frameworks */,
				2A7F9B432830159D00CCACA2 /* FirebaseFirestoreSwift in Frameworks */,
			);
			runOnlyForDeploymentPostprocessing = 0;
		};
		2A534CB728230F6300A7AAA5 /* Frameworks */ = {
			isa = PBXFrameworksBuildPhase;
			buildActionMask = 2147483647;
			files = (
			);
			runOnlyForDeploymentPostprocessing = 0;
		};
		2A534CC128230F6300A7AAA5 /* Frameworks */ = {
			isa = PBXFrameworksBuildPhase;
			buildActionMask = 2147483647;
			files = (
			);
			runOnlyForDeploymentPostprocessing = 0;
		};
/* End PBXFrameworksBuildPhase section */

/* Begin PBXGroup section */
		2A4C083E282AF04300878616 /* Models */ = {
			isa = PBXGroup;
			children = (
				2A4C0840282AF05000878616 /* Instruction.swift */,
				2A6E5187282FE2B800AC04CA /* Scene.swift */,
			);
			path = Models;
			sourceTree = "<group>";
		};
		2A534CA128230F6100A7AAA5 = {
			isa = PBXGroup;
			children = (
				2A534CAC28230F6100A7AAA5 /* Instructions */,
				2A534CBD28230F6300A7AAA5 /* InstructionsTests */,
				2A534CC728230F6300A7AAA5 /* InstructionsUITests */,
				2A534CAB28230F6100A7AAA5 /* Products */,
			);
			sourceTree = "<group>";
		};
		2A534CAB28230F6100A7AAA5 /* Products */ = {
			isa = PBXGroup;
			children = (
				2A534CAA28230F6100A7AAA5 /* Instructions.app */,
				2A534CBA28230F6300A7AAA5 /* InstructionsTests.xctest */,
				2A534CC428230F6300A7AAA5 /* InstructionsUITests.xctest */,
			);
			name = Products;
			sourceTree = "<group>";
		};
		2A534CAC28230F6100A7AAA5 /* Instructions */ = {
			isa = PBXGroup;
			children = (
				2A534CAD28230F6100A7AAA5 /* InstructionsApp.swift */,
				2A7F9B4828304B4200CCACA2 /* StorageManager.swift */,
				2AC44B672825206F00CEC213 /* ViewModels */,
				2AA82A0B282C687300F01BEE /* AR */,
				2A4C083E282AF04300878616 /* Models */,
				2AC44B662825206800CEC213 /* Views */,
				2A7F9B46283046A700CCACA2 /* ImagePicker.swift */,
				2A534CB128230F6300A7AAA5 /* Assets.xcassets */,
				2A6E518F2830131B00AC04CA /* GoogleService-Info.plist */,
				2A534CB328230F6300A7AAA5 /* Preview Content */,
				2A534CD728230F8400A7AAA5 /* MyScene.rcproject */,
			);
			path = Instructions;
			sourceTree = "<group>";
		};
		2A534CB328230F6300A7AAA5 /* Preview Content */ = {
			isa = PBXGroup;
			children = (
				2A534CB428230F6300A7AAA5 /* Preview Assets.xcassets */,
			);
			path = "Preview Content";
			sourceTree = "<group>";
		};
		2A534CBD28230F6300A7AAA5 /* InstructionsTests */ = {
			isa = PBXGroup;
			children = (
				2A534CBE28230F6300A7AAA5 /* InstructionsTests.swift */,
			);
			path = InstructionsTests;
			sourceTree = "<group>";
		};
		2A534CC728230F6300A7AAA5 /* InstructionsUITests */ = {
			isa = PBXGroup;
			children = (
				2A534CC828230F6300A7AAA5 /* InstructionsUITests.swift */,
				2A534CCA28230F6300A7AAA5 /* InstructionsUITestsLaunchTests.swift */,
			);
			path = InstructionsUITests;
			sourceTree = "<group>";
		};
		2AA82A0B282C687300F01BEE /* AR */ = {
			isa = PBXGroup;
			children = (
				2AC44B62282449E500CEC213 /* RealityComposerARView.swift */,
				2A534CDB2823190D00A7AAA5 /* ARViewManager.swift */,
			);
			path = AR;
			sourceTree = "<group>";
		};
		2AC44B662825206800CEC213 /* Views */ = {
			isa = PBXGroup;
			children = (
				2A534CAF28230F6100A7AAA5 /* ContentView.swift */,
				2AC44B6A282520A800CEC213 /* TopMenu.swift */,
				2AC44B6C282520D800CEC213 /* ButtonView.swift */,
				2A0F5C9D2826AE2F00428E0C /* MarkerOverlayView.swift */,
				2A7F9B4A2831B00000CCACA2 /* AddInstructionSheetView.swift */,
			);
			path = Views;
			sourceTree = "<group>";
		};
		2AC44B672825206F00CEC213 /* ViewModels */ = {
			isa = PBXGroup;
			children = (
				2AC44B6428246A3100CEC213 /* ARViewModel.swift */,
			);
			path = ViewModels;
			sourceTree = "<group>";
		};
/* End PBXGroup section */

/* Begin PBXNativeTarget section */
		2A534CA928230F6100A7AAA5 /* Instructions */ = {
			isa = PBXNativeTarget;
			buildConfigurationList = 2A534CCE28230F6300A7AAA5 /* Build configuration list for PBXNativeTarget "Instructions" */;
			buildPhases = (
				2A534CA628230F6100A7AAA5 /* Sources */,
				2A534CA728230F6100A7AAA5 /* Frameworks */,
				2A534CA828230F6100A7AAA5 /* Resources */,
			);
			buildRules = (
			);
			dependencies = (
			);
			name = Instructions;
			packageProductDependencies = (
				2A7F9B3E2830159D00CCACA2 /* FirebaseAuth */,
				2A7F9B402830159D00CCACA2 /* FirebaseFirestore */,
				2A7F9B422830159D00CCACA2 /* FirebaseFirestoreSwift */,
				2A7F9B442830159D00CCACA2 /* FirebaseStorage */,
				2A7F9B4D2831BC5900CCACA2 /* HalfASheet */,
			);
			productName = Instructions;
			productReference = 2A534CAA28230F6100A7AAA5 /* Instructions.app */;
			productType = "com.apple.product-type.application";
		};
		2A534CB928230F6300A7AAA5 /* InstructionsTests */ = {
			isa = PBXNativeTarget;
			buildConfigurationList = 2A534CD128230F6300A7AAA5 /* Build configuration list for PBXNativeTarget "InstructionsTests" */;
			buildPhases = (
				2A534CB628230F6300A7AAA5 /* Sources */,
				2A534CB728230F6300A7AAA5 /* Frameworks */,
				2A534CB828230F6300A7AAA5 /* Resources */,
			);
			buildRules = (
			);
			dependencies = (
				2A534CBC28230F6300A7AAA5 /* PBXTargetDependency */,
			);
			name = InstructionsTests;
			productName = InstructionsTests;
			productReference = 2A534CBA28230F6300A7AAA5 /* InstructionsTests.xctest */;
			productType = "com.apple.product-type.bundle.unit-test";
		};
		2A534CC328230F6300A7AAA5 /* InstructionsUITests */ = {
			isa = PBXNativeTarget;
			buildConfigurationList = 2A534CD428230F6300A7AAA5 /* Build configuration list for PBXNativeTarget "InstructionsUITests" */;
			buildPhases = (
				2A534CC028230F6300A7AAA5 /* Sources */,
				2A534CC128230F6300A7AAA5 /* Frameworks */,
				2A534CC228230F6300A7AAA5 /* Resources */,
			);
			buildRules = (
			);
			dependencies = (
				2A534CC628230F6300A7AAA5 /* PBXTargetDependency */,
			);
			name = InstructionsUITests;
			productName = InstructionsUITests;
			productReference = 2A534CC428230F6300A7AAA5 /* InstructionsUITests.xctest */;
			productType = "com.apple.product-type.bundle.ui-testing";
		};
/* End PBXNativeTarget section */

/* Begin PBXProject section */
		2A534CA228230F6100A7AAA5 /* Project object */ = {
			isa = PBXProject;
			attributes = {
				BuildIndependentTargetsInParallel = 1;
				LastSwiftUpdateCheck = 1330;
				LastUpgradeCheck = 1330;
				TargetAttributes = {
					2A534CA928230F6100A7AAA5 = {
						CreatedOnToolsVersion = 13.3.1;
					};
					2A534CB928230F6300A7AAA5 = {
						CreatedOnToolsVersion = 13.3.1;
						TestTargetID = 2A534CA928230F6100A7AAA5;
					};
					2A534CC328230F6300A7AAA5 = {
						CreatedOnToolsVersion = 13.3.1;
						TestTargetID = 2A534CA928230F6100A7AAA5;
					};
				};
			};
			buildConfigurationList = 2A534CA528230F6100A7AAA5 /* Build configuration list for PBXProject "Instructions" */;
			compatibilityVersion = "Xcode 13.0";
			developmentRegion = en;
			hasScannedForEncodings = 0;
			knownRegions = (
				en,
				Base,
			);
			mainGroup = 2A534CA128230F6100A7AAA5;
			packageReferences = (
				2A7F9B3D2830159D00CCACA2 /* XCRemoteSwiftPackageReference "firebase-ios-sdk" */,
				2A7F9B4C2831BC5700CCACA2 /* XCRemoteSwiftPackageReference "HalfASheet" */,
			);
			productRefGroup = 2A534CAB28230F6100A7AAA5 /* Products */;
			projectDirPath = "";
			projectRoot = "";
			targets = (
				2A534CA928230F6100A7AAA5 /* Instructions */,
				2A534CB928230F6300A7AAA5 /* InstructionsTests */,
				2A534CC328230F6300A7AAA5 /* InstructionsUITests */,
			);
		};
/* End PBXProject section */

/* Begin PBXResourcesBuildPhase section */
		2A534CA828230F6100A7AAA5 /* Resources */ = {
			isa = PBXResourcesBuildPhase;
			buildActionMask = 2147483647;
			files = (
				2A534CB528230F6300A7AAA5 /* Preview Assets.xcassets in Resources */,
				2A6E51902830131B00AC04CA /* GoogleService-Info.plist in Resources */,
				2A534CB228230F6300A7AAA5 /* Assets.xcassets in Resources */,
			);
			runOnlyForDeploymentPostprocessing = 0;
		};
		2A534CB828230F6300A7AAA5 /* Resources */ = {
			isa = PBXResourcesBuildPhase;
			buildActionMask = 2147483647;
			files = (
			);
			runOnlyForDeploymentPostprocessing = 0;
		};
		2A534CC228230F6300A7AAA5 /* Resources */ = {
			isa = PBXResourcesBuildPhase;
			buildActionMask = 2147483647;
			files = (
			);
			runOnlyForDeploymentPostprocessing = 0;
		};
/* End PBXResourcesBuildPhase section */

/* Begin PBXSourcesBuildPhase section */
		2A534CA628230F6100A7AAA5 /* Sources */ = {
			isa = PBXSourcesBuildPhase;
			buildActionMask = 2147483647;
			files = (
				2AC44B63282449E500CEC213 /* RealityComposerARView.swift in Sources */,
				2A7F9B4B2831B00100CCACA2 /* AddInstructionSheetView.swift in Sources */,
				2A534CDC2823190D00A7AAA5 /* ARViewManager.swift in Sources */,
				2AC44B6D282520D800CEC213 /* ButtonView.swift in Sources */,
				2A7F9B4928304B4200CCACA2 /* StorageManager.swift in Sources */,
				2AC44B6B282520A800CEC213 /* TopMenu.swift in Sources */,
				2A534CD828230F8400A7AAA5 /* MyScene.rcproject in Sources */,
				2A0F5C9E2826AE2F00428E0C /* MarkerOverlayView.swift in Sources */,
				2AC44B6528246A3100CEC213 /* ARViewModel.swift in Sources */,
				2A4C0842282AF05000878616 /* Instruction.swift in Sources */,
				2A6E5188282FE2B900AC04CA /* Scene.swift in Sources */,
				2A534CB028230F6100A7AAA5 /* ContentView.swift in Sources */,
				2A534CAE28230F6100A7AAA5 /* InstructionsApp.swift in Sources */,
				2A7F9B47283046A700CCACA2 /* ImagePicker.swift in Sources */,
			);
			runOnlyForDeploymentPostprocessing = 0;
		};
		2A534CB628230F6300A7AAA5 /* Sources */ = {
			isa = PBXSourcesBuildPhase;
			buildActionMask = 2147483647;
			files = (
				2A534CBF28230F6300A7AAA5 /* InstructionsTests.swift in Sources */,
			);
			runOnlyForDeploymentPostprocessing = 0;
		};
		2A534CC028230F6300A7AAA5 /* Sources */ = {
			isa = PBXSourcesBuildPhase;
			buildActionMask = 2147483647;
			files = (
				2A534CC928230F6300A7AAA5 /* InstructionsUITests.swift in Sources */,
				2A534CCB28230F6300A7AAA5 /* InstructionsUITestsLaunchTests.swift in Sources */,
			);
			runOnlyForDeploymentPostprocessing = 0;
		};
/* End PBXSourcesBuildPhase section */

/* Begin PBXTargetDependency section */
		2A534CBC28230F6300A7AAA5 /* PBXTargetDependency */ = {
			isa = PBXTargetDependency;
			target = 2A534CA928230F6100A7AAA5 /* Instructions */;
			targetProxy = 2A534CBB28230F6300A7AAA5 /* PBXContainerItemProxy */;
		};
		2A534CC628230F6300A7AAA5 /* PBXTargetDependency */ = {
			isa = PBXTargetDependency;
			target = 2A534CA928230F6100A7AAA5 /* Instructions */;
			targetProxy = 2A534CC528230F6300A7AAA5 /* PBXContainerItemProxy */;
		};
/* End PBXTargetDependency section */

/* Begin XCBuildConfiguration section */
		2A534CCC28230F6300A7AAA5 /* Debug */ = {
			isa = XCBuildConfiguration;
			buildSettings = {
				ALWAYS_SEARCH_USER_PATHS = NO;
				CLANG_ANALYZER_NONNULL = YES;
				CLANG_ANALYZER_NUMBER_OBJECT_CONVERSION = YES_AGGRESSIVE;
				CLANG_CXX_LANGUAGE_STANDARD = "gnu++17";
				CLANG_ENABLE_MODULES = YES;
				CLANG_ENABLE_OBJC_ARC = YES;
				CLANG_ENABLE_OBJC_WEAK = YES;
				CLANG_WARN_BLOCK_CAPTURE_AUTORELEASING = YES;
				CLANG_WARN_BOOL_CONVERSION = YES;
				CLANG_WARN_COMMA = YES;
				CLANG_WARN_CONSTANT_CONVERSION = YES;
				CLANG_WARN_DEPRECATED_OBJC_IMPLEMENTATIONS = YES;
				CLANG_WARN_DIRECT_OBJC_ISA_USAGE = YES_ERROR;
				CLANG_WARN_DOCUMENTATION_COMMENTS = YES;
				CLANG_WARN_EMPTY_BODY = YES;
				CLANG_WARN_ENUM_CONVERSION = YES;
				CLANG_WARN_INFINITE_RECURSION = YES;
				CLANG_WARN_INT_CONVERSION = YES;
				CLANG_WARN_NON_LITERAL_NULL_CONVERSION = YES;
				CLANG_WARN_OBJC_IMPLICIT_RETAIN_SELF = YES;
				CLANG_WARN_OBJC_LITERAL_CONVERSION = YES;
				CLANG_WARN_OBJC_ROOT_CLASS = YES_ERROR;
				CLANG_WARN_QUOTED_INCLUDE_IN_FRAMEWORK_HEADER = YES;
				CLANG_WARN_RANGE_LOOP_ANALYSIS = YES;
				CLANG_WARN_STRICT_PROTOTYPES = YES;
				CLANG_WARN_SUSPICIOUS_MOVE = YES;
				CLANG_WARN_UNGUARDED_AVAILABILITY = YES_AGGRESSIVE;
				CLANG_WARN_UNREACHABLE_CODE = YES;
				CLANG_WARN__DUPLICATE_METHOD_MATCH = YES;
				COPY_PHASE_STRIP = NO;
				DEBUG_INFORMATION_FORMAT = dwarf;
				ENABLE_STRICT_OBJC_MSGSEND = YES;
				ENABLE_TESTABILITY = YES;
				GCC_C_LANGUAGE_STANDARD = gnu11;
				GCC_DYNAMIC_NO_PIC = NO;
				GCC_NO_COMMON_BLOCKS = YES;
				GCC_OPTIMIZATION_LEVEL = 0;
				GCC_PREPROCESSOR_DEFINITIONS = (
					"DEBUG=1",
					"$(inherited)",
				);
				GCC_WARN_64_TO_32_BIT_CONVERSION = YES;
				GCC_WARN_ABOUT_RETURN_TYPE = YES_ERROR;
				GCC_WARN_UNDECLARED_SELECTOR = YES;
				GCC_WARN_UNINITIALIZED_AUTOS = YES_AGGRESSIVE;
				GCC_WARN_UNUSED_FUNCTION = YES;
				GCC_WARN_UNUSED_VARIABLE = YES;
				IPHONEOS_DEPLOYMENT_TARGET = 15.4;
				MTL_ENABLE_DEBUG_INFO = INCLUDE_SOURCE;
				MTL_FAST_MATH = YES;
				ONLY_ACTIVE_ARCH = YES;
				SDKROOT = iphoneos;
				SWIFT_ACTIVE_COMPILATION_CONDITIONS = DEBUG;
				SWIFT_OPTIMIZATION_LEVEL = "-Onone";
			};
			name = Debug;
		};
		2A534CCD28230F6300A7AAA5 /* Release */ = {
			isa = XCBuildConfiguration;
			buildSettings = {
				ALWAYS_SEARCH_USER_PATHS = NO;
				CLANG_ANALYZER_NONNULL = YES;
				CLANG_ANALYZER_NUMBER_OBJECT_CONVERSION = YES_AGGRESSIVE;
				CLANG_CXX_LANGUAGE_STANDARD = "gnu++17";
				CLANG_ENABLE_MODULES = YES;
				CLANG_ENABLE_OBJC_ARC = YES;
				CLANG_ENABLE_OBJC_WEAK = YES;
				CLANG_WARN_BLOCK_CAPTURE_AUTORELEASING = YES;
				CLANG_WARN_BOOL_CONVERSION = YES;
				CLANG_WARN_COMMA = YES;
				CLANG_WARN_CONSTANT_CONVERSION = YES;
				CLANG_WARN_DEPRECATED_OBJC_IMPLEMENTATIONS = YES;
				CLANG_WARN_DIRECT_OBJC_ISA_USAGE = YES_ERROR;
				CLANG_WARN_DOCUMENTATION_COMMENTS = YES;
				CLANG_WARN_EMPTY_BODY = YES;
				CLANG_WARN_ENUM_CONVERSION = YES;
				CLANG_WARN_INFINITE_RECURSION = YES;
				CLANG_WARN_INT_CONVERSION = YES;
				CLANG_WARN_NON_LITERAL_NULL_CONVERSION = YES;
				CLANG_WARN_OBJC_IMPLICIT_RETAIN_SELF = YES;
				CLANG_WARN_OBJC_LITERAL_CONVERSION = YES;
				CLANG_WARN_OBJC_ROOT_CLASS = YES_ERROR;
				CLANG_WARN_QUOTED_INCLUDE_IN_FRAMEWORK_HEADER = YES;
				CLANG_WARN_RANGE_LOOP_ANALYSIS = YES;
				CLANG_WARN_STRICT_PROTOTYPES = YES;
				CLANG_WARN_SUSPICIOUS_MOVE = YES;
				CLANG_WARN_UNGUARDED_AVAILABILITY = YES_AGGRESSIVE;
				CLANG_WARN_UNREACHABLE_CODE = YES;
				CLANG_WARN__DUPLICATE_METHOD_MATCH = YES;
				COPY_PHASE_STRIP = NO;
				DEBUG_INFORMATION_FORMAT = "dwarf-with-dsym";
				ENABLE_NS_ASSERTIONS = NO;
				ENABLE_STRICT_OBJC_MSGSEND = YES;
				GCC_C_LANGUAGE_STANDARD = gnu11;
				GCC_NO_COMMON_BLOCKS = YES;
				GCC_WARN_64_TO_32_BIT_CONVERSION = YES;
				GCC_WARN_ABOUT_RETURN_TYPE = YES_ERROR;
				GCC_WARN_UNDECLARED_SELECTOR = YES;
				GCC_WARN_UNINITIALIZED_AUTOS = YES_AGGRESSIVE;
				GCC_WARN_UNUSED_FUNCTION = YES;
				GCC_WARN_UNUSED_VARIABLE = YES;
				IPHONEOS_DEPLOYMENT_TARGET = 15.4;
				MTL_ENABLE_DEBUG_INFO = NO;
				MTL_FAST_MATH = YES;
				SDKROOT = iphoneos;
				SWIFT_COMPILATION_MODE = wholemodule;
				SWIFT_OPTIMIZATION_LEVEL = "-O";
				VALIDATE_PRODUCT = YES;
			};
			name = Release;
		};
		2A534CCF28230F6300A7AAA5 /* Debug */ = {
			isa = XCBuildConfiguration;
			buildSettings = {
				ASSETCATALOG_COMPILER_APPICON_NAME = AppIcon;
				ASSETCATALOG_COMPILER_GLOBAL_ACCENT_COLOR_NAME = AccentColor;
				CODE_SIGN_STYLE = Automatic;
				CURRENT_PROJECT_VERSION = 1;
				DEVELOPMENT_ASSET_PATHS = "\"Instructions/Preview Content\"";
				DEVELOPMENT_TEAM = 7SB852Z2VF;
				ENABLE_PREVIEWS = YES;
				GENERATE_INFOPLIST_FILE = YES;
				INFOPLIST_KEY_NSCameraUsageDescription = plzzzz;
				INFOPLIST_KEY_UIApplicationSceneManifest_Generation = YES;
				INFOPLIST_KEY_UIApplicationSupportsIndirectInputEvents = YES;
				INFOPLIST_KEY_UILaunchScreen_Generation = YES;
				INFOPLIST_KEY_UISupportedInterfaceOrientations_iPad = "UIInterfaceOrientationPortrait UIInterfaceOrientationPortraitUpsideDown UIInterfaceOrientationLandscapeLeft UIInterfaceOrientationLandscapeRight";
				INFOPLIST_KEY_UISupportedInterfaceOrientations_iPhone = "UIInterfaceOrientationPortrait UIInterfaceOrientationLandscapeLeft UIInterfaceOrientationLandscapeRight";
				LD_RUNPATH_SEARCH_PATHS = (
					"$(inherited)",
					"@executable_path/Frameworks",
				);
				MARKETING_VERSION = 1.0;
				PRODUCT_BUNDLE_IDENTIFIER = "yulia-sorokopud.Instructions";
				PRODUCT_NAME = "$(TARGET_NAME)";
				SWIFT_EMIT_LOC_STRINGS = YES;
				SWIFT_VERSION = 5.0;
				TARGETED_DEVICE_FAMILY = "1,2";
			};
			name = Debug;
		};
		2A534CD028230F6300A7AAA5 /* Release */ = {
			isa = XCBuildConfiguration;
			buildSettings = {
				ASSETCATALOG_COMPILER_APPICON_NAME = AppIcon;
				ASSETCATALOG_COMPILER_GLOBAL_ACCENT_COLOR_NAME = AccentColor;
				CODE_SIGN_STYLE = Automatic;
				CURRENT_PROJECT_VERSION = 1;
				DEVELOPMENT_ASSET_PATHS = "\"Instructions/Preview Content\"";
				DEVELOPMENT_TEAM = 7SB852Z2VF;
				ENABLE_PREVIEWS = YES;
				GENERATE_INFOPLIST_FILE = YES;
				INFOPLIST_KEY_NSCameraUsageDescription = plzzzz;
				INFOPLIST_KEY_UIApplicationSceneManifest_Generation = YES;
				INFOPLIST_KEY_UIApplicationSupportsIndirectInputEvents = YES;
				INFOPLIST_KEY_UILaunchScreen_Generation = YES;
				INFOPLIST_KEY_UISupportedInterfaceOrientations_iPad = "UIInterfaceOrientationPortrait UIInterfaceOrientationPortraitUpsideDown UIInterfaceOrientationLandscapeLeft UIInterfaceOrientationLandscapeRight";
				INFOPLIST_KEY_UISupportedInterfaceOrientations_iPhone = "UIInterfaceOrientationPortrait UIInterfaceOrientationLandscapeLeft UIInterfaceOrientationLandscapeRight";
				LD_RUNPATH_SEARCH_PATHS = (
					"$(inherited)",
					"@executable_path/Frameworks",
				);
				MARKETING_VERSION = 1.0;
				PRODUCT_BUNDLE_IDENTIFIER = "yulia-sorokopud.Instructions";
				PRODUCT_NAME = "$(TARGET_NAME)";
				SWIFT_EMIT_LOC_STRINGS = YES;
				SWIFT_VERSION = 5.0;
				TARGETED_DEVICE_FAMILY = "1,2";
			};
			name = Release;
		};
		2A534CD228230F6300A7AAA5 /* Debug */ = {
			isa = XCBuildConfiguration;
			buildSettings = {
				ALWAYS_EMBED_SWIFT_STANDARD_LIBRARIES = YES;
				BUNDLE_LOADER = "$(TEST_HOST)";
				CODE_SIGN_STYLE = Automatic;
				CURRENT_PROJECT_VERSION = 1;
				DEVELOPMENT_TEAM = 7SB852Z2VF;
				GENERATE_INFOPLIST_FILE = YES;
				IPHONEOS_DEPLOYMENT_TARGET = 15.4;
				MARKETING_VERSION = 1.0;
				PRODUCT_BUNDLE_IDENTIFIER = "yulia-sorokopud.furniture.InstructionsTests";
				PRODUCT_NAME = "$(TARGET_NAME)";
				SWIFT_EMIT_LOC_STRINGS = NO;
				SWIFT_VERSION = 5.0;
				TARGETED_DEVICE_FAMILY = "1,2";
				TEST_HOST = "$(BUILT_PRODUCTS_DIR)/Instructions.app/Instructions";
			};
			name = Debug;
		};
		2A534CD328230F6300A7AAA5 /* Release */ = {
			isa = XCBuildConfiguration;
			buildSettings = {
				ALWAYS_EMBED_SWIFT_STANDARD_LIBRARIES = YES;
				BUNDLE_LOADER = "$(TEST_HOST)";
				CODE_SIGN_STYLE = Automatic;
				CURRENT_PROJECT_VERSION = 1;
				DEVELOPMENT_TEAM = 7SB852Z2VF;
				GENERATE_INFOPLIST_FILE = YES;
				IPHONEOS_DEPLOYMENT_TARGET = 15.4;
				MARKETING_VERSION = 1.0;
				PRODUCT_BUNDLE_IDENTIFIER = "yulia-sorokopud.furniture.InstructionsTests";
				PRODUCT_NAME = "$(TARGET_NAME)";
				SWIFT_EMIT_LOC_STRINGS = NO;
				SWIFT_VERSION = 5.0;
				TARGETED_DEVICE_FAMILY = "1,2";
				TEST_HOST = "$(BUILT_PRODUCTS_DIR)/Instructions.app/Instructions";
			};
			name = Release;
		};
		2A534CD528230F6300A7AAA5 /* Debug */ = {
			isa = XCBuildConfiguration;
			buildSettings = {
				ALWAYS_EMBED_SWIFT_STANDARD_LIBRARIES = YES;
				CODE_SIGN_STYLE = Automatic;
				CURRENT_PROJECT_VERSION = 1;
				DEVELOPMENT_TEAM = 7SB852Z2VF;
				GENERATE_INFOPLIST_FILE = YES;
				MARKETING_VERSION = 1.0;
				PRODUCT_BUNDLE_IDENTIFIER = "yulia-sorokopud.furniture.InstructionsUITests";
				PRODUCT_NAME = "$(TARGET_NAME)";
				SWIFT_EMIT_LOC_STRINGS = NO;
				SWIFT_VERSION = 5.0;
				TARGETED_DEVICE_FAMILY = "1,2";
				TEST_TARGET_NAME = Instructions;
			};
			name = Debug;
		};
		2A534CD628230F6300A7AAA5 /* Release */ = {
			isa = XCBuildConfiguration;
			buildSettings = {
				ALWAYS_EMBED_SWIFT_STANDARD_LIBRARIES = YES;
				CODE_SIGN_STYLE = Automatic;
				CURRENT_PROJECT_VERSION = 1;
				DEVELOPMENT_TEAM = 7SB852Z2VF;
				GENERATE_INFOPLIST_FILE = YES;
				MARKETING_VERSION = 1.0;
				PRODUCT_BUNDLE_IDENTIFIER = "yulia-sorokopud.furniture.InstructionsUITests";
				PRODUCT_NAME = "$(TARGET_NAME)";
				SWIFT_EMIT_LOC_STRINGS = NO;
				SWIFT_VERSION = 5.0;
				TARGETED_DEVICE_FAMILY = "1,2";
				TEST_TARGET_NAME = Instructions;
			};
			name = Release;
		};
/* End XCBuildConfiguration section */

/* Begin XCConfigurationList section */
		2A534CA528230F6100A7AAA5 /* Build configuration list for PBXProject "Instructions" */ = {
			isa = XCConfigurationList;
			buildConfigurations = (
				2A534CCC28230F6300A7AAA5 /* Debug */,
				2A534CCD28230F6300A7AAA5 /* Release */,
			);
			defaultConfigurationIsVisible = 0;
			defaultConfigurationName = Release;
		};
		2A534CCE28230F6300A7AAA5 /* Build configuration list for PBXNativeTarget "Instructions" */ = {
			isa = XCConfigurationList;
			buildConfigurations = (
				2A534CCF28230F6300A7AAA5 /* Debug */,
				2A534CD028230F6300A7AAA5 /* Release */,
			);
			defaultConfigurationIsVisible = 0;
			defaultConfigurationName = Release;
		};
		2A534CD128230F6300A7AAA5 /* Build configuration list for PBXNativeTarget "InstructionsTests" */ = {
			isa = XCConfigurationList;
			buildConfigurations = (
				2A534CD228230F6300A7AAA5 /* Debug */,
				2A534CD328230F6300A7AAA5 /* Release */,
			);
			defaultConfigurationIsVisible = 0;
			defaultConfigurationName = Release;
		};
		2A534CD428230F6300A7AAA5 /* Build configuration list for PBXNativeTarget "InstructionsUITests" */ = {
			isa = XCConfigurationList;
			buildConfigurations = (
				2A534CD528230F6300A7AAA5 /* Debug */,
				2A534CD628230F6300A7AAA5 /* Release */,
			);
			defaultConfigurationIsVisible = 0;
			defaultConfigurationName = Release;
		};
/* End XCConfigurationList section */

/* Begin XCRemoteSwiftPackageReference section */
		2A7F9B3D2830159D00CCACA2 /* XCRemoteSwiftPackageReference "firebase-ios-sdk" */ = {
			isa = XCRemoteSwiftPackageReference;
			repositoryURL = "https://github.com/firebase/firebase-ios-sdk.git";
			requirement = {
				kind = upToNextMajorVersion;
				minimumVersion = 9.0.0;
			};
		};
		2A7F9B4C2831BC5700CCACA2 /* XCRemoteSwiftPackageReference "HalfASheet" */ = {
			isa = XCRemoteSwiftPackageReference;
			repositoryURL = "https://github.com/franklynw/HalfASheet";
			requirement = {
				kind = upToNextMajorVersion;
				minimumVersion = 1.0.0;
			};
		};
/* End XCRemoteSwiftPackageReference section */

/* Begin XCSwiftPackageProductDependency section */
		2A7F9B3E2830159D00CCACA2 /* FirebaseAuth */ = {
			isa = XCSwiftPackageProductDependency;
			package = 2A7F9B3D2830159D00CCACA2 /* XCRemoteSwiftPackageReference "firebase-ios-sdk" */;
			productName = FirebaseAuth;
		};
		2A7F9B402830159D00CCACA2 /* FirebaseFirestore */ = {
			isa = XCSwiftPackageProductDependency;
			package = 2A7F9B3D2830159D00CCACA2 /* XCRemoteSwiftPackageReference "firebase-ios-sdk" */;
			productName = FirebaseFirestore;
		};
		2A7F9B422830159D00CCACA2 /* FirebaseFirestoreSwift */ = {
			isa = XCSwiftPackageProductDependency;
			package = 2A7F9B3D2830159D00CCACA2 /* XCRemoteSwiftPackageReference "firebase-ios-sdk" */;
			productName = FirebaseFirestoreSwift;
		};
		2A7F9B442830159D00CCACA2 /* FirebaseStorage */ = {
			isa = XCSwiftPackageProductDependency;
			package = 2A7F9B3D2830159D00CCACA2 /* XCRemoteSwiftPackageReference "firebase-ios-sdk" */;
			productName = FirebaseStorage;
		};
		2A7F9B4D2831BC5900CCACA2 /* HalfASheet */ = {
			isa = XCSwiftPackageProductDependency;
			package = 2A7F9B4C2831BC5700CCACA2 /* XCRemoteSwiftPackageReference "HalfASheet" */;
			productName = HalfASheet;
		};
/* End XCSwiftPackageProductDependency section */
	};
	rootObject = 2A534CA228230F6100A7AAA5 /* Project object */;
}
